
Microsoft Visual Studio Solution File, Format Version 12.00
# Visual Studio Version 17
VisualStudioVersion = 17.14.36414.22 d17.14
MinimumVisualStudioVersion = 10.0.40219.1
Project("{FAE04EC0-301F-11D3-BF4B-00C04F79EFBC}") = "BarbeariaApp", "BarbeariaApp\BarbeariaApp.csproj", "{30E1E7B0-1209-4080-94F0-A768B2C39C27}"
EndProject
Global
	GlobalSection(SolutionConfigurationPlatforms) = preSolution
		Debug|Any CPU = Debug|Any CPU
		Release|Any CPU = Release|Any CPU
	EndGlobalSection
	GlobalSection(ProjectConfigurationPlatforms) = postSolution
		{30E1E7B0-1209-4080-94F0-A768B2C39C27}.Debug|Any CPU.ActiveCfg = Debug|Any CPU
		{30E1E7B0-1209-4080-94F0-A768B2C39C27}.Debug|Any CPU.Build.0 = Debug|Any CPU
		{30E1E7B0-1209-4080-94F0-A768B2C39C27}.Release|Any CPU.ActiveCfg = Release|Any CPU
		{30E1E7B0-1209-4080-94F0-A768B2C39C27}.Release|Any CPU.Build.0 = Release|Any CPU
	EndGlobalSection
	GlobalSection(SolutionProperties) = preSolution
		HideSolutionNode = FALSE
	EndGlobalSection
	GlobalSection(ExtensibilityGlobals) = postSolution
		SolutionGuid = {E59EE0AB-0F6E-4DDA-9E6C-1B7FACC6DBFD}
	EndGlobalSection
EndGlobal
